
Microsoft Visual Studio Solution File, Format Version 12.00
# Visual Studio 2013
VisualStudioVersion = 12.0.40629.0
MinimumVisualStudioVersion = 10.0.40219.1
Project("{FAE04EC0-301F-11D3-BF4B-00C04F79EFBC}") = "Common", "Common\Common.csproj", "{3179530A-B61D-4C2D-A91F-FB68F696449E}"
EndProject
Project("{FAE04EC0-301F-11D3-BF4B-00C04F79EFBC}") = "GapAndContact", "GapAndContact\GapAndContact.csproj", "{84325155-6AF5-4DBD-B3BC-044224F6AF13}"
EndProject
Global
	GlobalSection(SolutionConfigurationPlatforms) = preSolution
		Debug|Any CPU = Debug|Any CPU
		Debug64|Any CPU = Debug64|Any CPU
		Release|Any CPU = Release|Any CPU
	EndGlobalSection
	GlobalSection(ProjectConfigurationPlatforms) = postSolution
		{3179530A-B61D-4C2D-A91F-FB68F696449E}.Debug|Any CPU.ActiveCfg = Debug|Any CPU
		{3179530A-B61D-4C2D-A91F-FB68F696449E}.Debug|Any CPU.Build.0 = Debug|Any CPU
		{3179530A-B61D-4C2D-A91F-FB68F696449E}.Debug64|Any CPU.ActiveCfg = Debug|Any CPU
		{3179530A-B61D-4C2D-A91F-FB68F696449E}.Debug64|Any CPU.Build.0 = Debug|Any CPU
		{3179530A-B61D-4C2D-A91F-FB68F696449E}.Release|Any CPU.ActiveCfg = Release|Any CPU
		{3179530A-B61D-4C2D-A91F-FB68F696449E}.Release|Any CPU.Build.0 = Release|Any CPU
		{84325155-6AF5-4DBD-B3BC-044224F6AF13}.Debug|Any CPU.ActiveCfg = Debug64|Any CPU
		{84325155-6AF5-4DBD-B3BC-044224F6AF13}.Debug|Any CPU.Build.0 = Debug64|Any CPU
		{84325155-6AF5-4DBD-B3BC-044224F6AF13}.Debug64|Any CPU.ActiveCfg = Debug64|Any CPU
		{84325155-6AF5-4DBD-B3BC-044224F6AF13}.Debug64|Any CPU.Build.0 = Debug64|Any CPU
		{84325155-6AF5-4DBD-B3BC-044224F6AF13}.Release|Any CPU.ActiveCfg = Release|Any CPU
		{84325155-6AF5-4DBD-B3BC-044224F6AF13}.Release|Any CPU.Build.0 = Release|Any CPU
	EndGlobalSection
	GlobalSection(SolutionProperties) = preSolution
		HideSolutionNode = FALSE
	EndGlobalSection
EndGlobal
